// !$*UTF8*$!
{
	archiveVersion = 1;
	classes = {
	};
	objectVersion = 77;
	objects = {

/* Begin PBXBuildFile section */
		85B04F7B2DC2E8F70070AB7B /* Purr2.m4a in Resources */ = {isa = PBXBuildFile; fileRef = 85B04F792DC2E8F70070AB7B /* Purr2.m4a */; };
		85B04F7C2DC2E8F70070AB7B /* Purr3.m4a in Resources */ = {isa = PBXBuildFile; fileRef = 85B04F7A2DC2E8F70070AB7B /* Purr3.m4a */; };
		85E37C9F2D8B503F00F2CF41 /* Purr1.m4a in Resources */ = {isa = PBXBuildFile; fileRef = 85E37C9E2D8B503F00F2CF41 /* Purr1.m4a */; };
/* End PBXBuildFile section */

/* Begin PBXContainerItemProxy section */
		8595BD172D2C437700E60F1A /* PBXContainerItemProxy */ = {
			isa = PBXContainerItemProxy;
			containerPortal = 8595BCF82D2C437500E60F1A /* Project object */;
			proxyType = 1;
			remoteGlobalIDString = 8595BCFF2D2C437500E60F1A;
			remoteInfo = "Purr Machine";
		};
		8595BD212D2C437800E60F1A /* PBXContainerItemProxy */ = {
			isa = PBXContainerItemProxy;
			containerPortal = 8595BCF82D2C437500E60F1A /* Project object */;
			proxyType = 1;
			remoteGlobalIDString = 8595BCFF2D2C437500E60F1A;
			remoteInfo = "Purr Machine";
		};
/* End PBXContainerItemProxy section */

/* Begin PBXFileReference section */
		8595BD002D2C437500E60F1A /* Purr Machine.app */ = {isa = PBXFileReference; explicitFileType = wrapper.application; includeInIndex = 0; path = "Purr Machine.app"; sourceTree = BUILT_PRODUCTS_DIR; };
		8595BD162D2C437700E60F1A /* Purr MachineTests.xctest */ = {isa = PBXFileReference; explicitFileType = wrapper.cfbundle; includeInIndex = 0; path = "Purr MachineTests.xctest"; sourceTree = BUILT_PRODUCTS_DIR; };
		8595BD202D2C437800E60F1A /* Purr MachineUITests.xctest */ = {isa = PBXFileReference; explicitFileType = wrapper.cfbundle; includeInIndex = 0; path = "Purr MachineUITests.xctest"; sourceTree = BUILT_PRODUCTS_DIR; };
		85B04F792DC2E8F70070AB7B /* Purr2.m4a */ = {isa = PBXFileReference; lastKnownFileType = file; path = Purr2.m4a; sourceTree = "<group>"; };
		85B04F7A2DC2E8F70070AB7B /* Purr3.m4a */ = {isa = PBXFileReference; lastKnownFileType = file; path = Purr3.m4a; sourceTree = "<group>"; };
		85E37C9E2D8B503F00F2CF41 /* Purr1.m4a */ = {isa = PBXFileReference; lastKnownFileType = file; path = Purr1.m4a; sourceTree = "<group>"; };
/* End PBXFileReference section */

/* Begin PBXFileSystemSynchronizedBuildFileExceptionSet section */
		8595BD282D2C437800E60F1A /* Exceptions for "Purr Machine" folder in "Purr Machine" target */ = {
			isa = PBXFileSystemSynchronizedBuildFileExceptionSet;
			membershipExceptions = (
				Info.plist,
			);
			target = 8595BCFF2D2C437500E60F1A /* Purr Machine */;
		};
/* End PBXFileSystemSynchronizedBuildFileExceptionSet section */

/* Begin PBXFileSystemSynchronizedRootGroup section */
		8595BD022D2C437500E60F1A /* Purr Machine */ = {
			isa = PBXFileSystemSynchronizedRootGroup;
			exceptions = (
				8595BD282D2C437800E60F1A /* Exceptions for "Purr Machine" folder in "Purr Machine" target */,
			);
			path = "Purr Machine";
			sourceTree = "<group>";
		};
		8595BD192D2C437700E60F1A /* Purr MachineTests */ = {
			isa = PBXFileSystemSynchronizedRootGroup;
			path = "Purr MachineTests";
			sourceTree = "<group>";
		};
		8595BD232D2C437800E60F1A /* Purr MachineUITests */ = {
			isa = PBXFileSystemSynchronizedRootGroup;
			path = "Purr MachineUITests";
			sourceTree = "<group>";
		};
/* End PBXFileSystemSynchronizedRootGroup section */

/* Begin PBXFrameworksBuildPhase section */
		8595BCFD2D2C437500E60F1A /* Frameworks */ = {
			isa = PBXFrameworksBuildPhase;
			buildActionMask = 2147483647;
			files = (
			);
			runOnlyForDeploymentPostprocessing = 0;
		};
		8595BD132D2C437700E60F1A /* Frameworks */ = {
			isa = PBXFrameworksBuildPhase;
			buildActionMask = 2147483647;
			files = (
			);
			runOnlyForDeploymentPostprocessing = 0;
		};
		8595BD1D2D2C437800E60F1A /* Frameworks */ = {
			isa = PBXFrameworksBuildPhase;
			buildActionMask = 2147483647;
			files = (
			);
			runOnlyForDeploymentPostprocessing = 0;
		};
/* End PBXFrameworksBuildPhase section */

/* Begin PBXGroup section */
		8595BCF72D2C437500E60F1A = {
			isa = PBXGroup;
			children = (
				8595BD022D2C437500E60F1A /* Purr Machine */,
				8595BD192D2C437700E60F1A /* Purr MachineTests */,
				8595BD232D2C437800E60F1A /* Purr MachineUITests */,
				8595BD012D2C437500E60F1A /* Products */,
				85E37C9E2D8B503F00F2CF41 /* Purr1.m4a */,
				85B04F792DC2E8F70070AB7B /* Purr2.m4a */,
				85B04F7A2DC2E8F70070AB7B /* Purr3.m4a */,
			);
			sourceTree = "<group>";
		};
		8595BD012D2C437500E60F1A /* Products */ = {
			isa = PBXGroup;
			children = (
				8595BD002D2C437500E60F1A /* Purr Machine.app */,
				8595BD162D2C437700E60F1A /* Purr MachineTests.xctest */,
				8595BD202D2C437800E60F1A /* Purr MachineUITests.xctest */,
			);
			name = Products;
			sourceTree = "<group>";
		};
/* End PBXGroup section */

/* Begin PBXNativeTarget section */
		8595BCFF2D2C437500E60F1A /* Purr Machine */ = {
			isa = PBXNativeTarget;
			buildConfigurationList = 8595BD292D2C437800E60F1A /* Build configuration list for PBXNativeTarget "Purr Machine" */;
			buildPhases = (
				8595BCFC2D2C437500E60F1A /* Sources */,
				8595BCFD2D2C437500E60F1A /* Frameworks */,
				8595BCFE2D2C437500E60F1A /* Resources */,
			);
			buildRules = (
			);
			dependencies = (
			);
			fileSystemSynchronizedGroups = (
				8595BD022D2C437500E60F1A /* Purr Machine */,
			);
			name = "Purr Machine";
			packageProductDependencies = (
			);
			productName = "Purr Machine";
			productReference = 8595BD002D2C437500E60F1A /* Purr Machine.app */;
			productType = "com.apple.product-type.application";
		};
		8595BD152D2C437700E60F1A /* Purr MachineTests */ = {
			isa = PBXNativeTarget;
			buildConfigurationList = 8595BD2E2D2C437800E60F1A /* Build configuration list for PBXNativeTarget "Purr MachineTests" */;
			buildPhases = (
				8595BD122D2C437700E60F1A /* Sources */,
				8595BD132D2C437700E60F1A /* Frameworks */,
				8595BD142D2C437700E60F1A /* Resources */,
			);
			buildRules = (
			);
			dependencies = (
				8595BD182D2C437700E60F1A /* PBXTargetDependency */,
			);
			fileSystemSynchronizedGroups = (
				8595BD192D2C437700E60F1A /* Purr MachineTests */,
			);
			name = "Purr MachineTests";
			packageProductDependencies = (
			);
			productName = "Purr MachineTests";
			productReference = 8595BD162D2C437700E60F1A /* Purr MachineTests.xctest */;
			productType = "com.apple.product-type.bundle.unit-test";
		};
		8595BD1F2D2C437800E60F1A /* Purr MachineUITests */ = {
			isa = PBXNativeTarget;
			buildConfigurationList = 8595BD312D2C437800E60F1A /* Build configuration list for PBXNativeTarget "Purr MachineUITests" */;
			buildPhases = (
				8595BD1C2D2C437800E60F1A /* Sources */,
				8595BD1D2D2C437800E60F1A /* Frameworks */,
				8595BD1E2D2C437800E60F1A /* Resources */,
			);
			buildRules = (
			);
			dependencies = (
				8595BD222D2C437800E60F1A /* PBXTargetDependency */,
			);
			fileSystemSynchronizedGroups = (
				8595BD232D2C437800E60F1A /* Purr MachineUITests */,
			);
			name = "Purr MachineUITests";
			packageProductDependencies = (
			);
			productName = "Purr MachineUITests";
			productReference = 8595BD202D2C437800E60F1A /* Purr MachineUITests.xctest */;
			productType = "com.apple.product-type.bundle.ui-testing";
		};
/* End PBXNativeTarget section */

/* Begin PBXProject section */
		8595BCF82D2C437500E60F1A /* Project object */ = {
			isa = PBXProject;
			attributes = {
				BuildIndependentTargetsInParallel = 1;
				LastSwiftUpdateCheck = 1620;
				LastUpgradeCheck = 1620;
				TargetAttributes = {
					8595BCFF2D2C437500E60F1A = {
						CreatedOnToolsVersion = 16.2;
					};
					8595BD152D2C437700E60F1A = {
						CreatedOnToolsVersion = 16.2;
						TestTargetID = 8595BCFF2D2C437500E60F1A;
					};
					8595BD1F2D2C437800E60F1A = {
						CreatedOnToolsVersion = 16.2;
						TestTargetID = 8595BCFF2D2C437500E60F1A;
					};
				};
			};
			buildConfigurationList = 8595BCFB2D2C437500E60F1A /* Build configuration list for PBXProject "Purr Machine" */;
			developmentRegion = en;
			hasScannedForEncodings = 0;
			knownRegions = (
				en,
				Base,
			);
			mainGroup = 8595BCF72D2C437500E60F1A;
			minimizedProjectReferenceProxies = 1;
			preferredProjectObjectVersion = 77;
			productRefGroup = 8595BD012D2C437500E60F1A /* Products */;
			projectDirPath = "";
			projectRoot = "";
			targets = (
				8595BCFF2D2C437500E60F1A /* Purr Machine */,
				8595BD152D2C437700E60F1A /* Purr MachineTests */,
				8595BD1F2D2C437800E60F1A /* Purr MachineUITests */,
			);
		};
/* End PBXProject section */

/* Begin PBXResourcesBuildPhase section */
		8595BCFE2D2C437500E60F1A /* Resources */ = {
			isa = PBXResourcesBuildPhase;
			buildActionMask = 2147483647;
			files = (
				85B04F7B2DC2E8F70070AB7B /* Purr2.m4a in Resources */,
				85B04F7C2DC2E8F70070AB7B /* Purr3.m4a in Resources */,
				85E37C9F2D8B503F00F2CF41 /* Purr1.m4a in Resources */,
			);
			runOnlyForDeploymentPostprocessing = 0;
		};
		8595BD142D2C437700E60F1A /* Resources */ = {
			isa = PBXResourcesBuildPhase;
			buildActionMask = 2147483647;
			files = (
			);
			runOnlyForDeploymentPostprocessing = 0;
		};
		8595BD1E2D2C437800E60F1A /* Resources */ = {
			isa = PBXResourcesBuildPhase;
			buildActionMask = 2147483647;
			files = (
			);
			runOnlyForDeploymentPostprocessing = 0;
		};
/* End PBXResourcesBuildPhase section */

/* Begin PBXSourcesBuildPhase section */
		8595BCFC2D2C437500E60F1A /* Sources */ = {
			isa = PBXSourcesBuildPhase;
			buildActionMask = 2147483647;
			files = (
			);
			runOnlyForDeploymentPostprocessing = 0;
		};
		8595BD122D2C437700E60F1A /* Sources */ = {
			isa = PBXSourcesBuildPhase;
			buildActionMask = 2147483647;
			files = (
			);
			runOnlyForDeploymentPostprocessing = 0;
		};
		8595BD1C2D2C437800E60F1A /* Sources */ = {
			isa = PBXSourcesBuildPhase;
			buildActionMask = 2147483647;
			files = (
			);
			runOnlyForDeploymentPostprocessing = 0;
		};
/* End PBXSourcesBuildPhase section */

/* Begin PBXTargetDependency section */
		8595BD182D2C437700E60F1A /* PBXTargetDependency */ = {
			isa = PBXTargetDependency;
			target = 8595BCFF2D2C437500E60F1A /* Purr Machine */;
			targetProxy = 8595BD172D2C437700E60F1A /* PBXContainerItemProxy */;
		};
		8595BD222D2C437800E60F1A /* PBXTargetDependency */ = {
			isa = PBXTargetDependency;
			target = 8595BCFF2D2C437500E60F1A /* Purr Machine */;
			targetProxy = 8595BD212D2C437800E60F1A /* PBXContainerItemProxy */;
		};
/* End PBXTargetDependency section */

/* Begin XCBuildConfiguration section */
		8595BD2A2D2C437800E60F1A /* Debug */ = {
			isa = XCBuildConfiguration;
			buildSettings = {
				ASSETCATALOG_COMPILER_APPICON_NAME = AppIcon;
				ASSETCATALOG_COMPILER_GLOBAL_ACCENT_COLOR_NAME = AccentColor;
				CODE_SIGN_STYLE = Automatic;
				CURRENT_PROJECT_VERSION = 1;
				DEVELOPMENT_TEAM = FBUNBDS7R7;
				GENERATE_INFOPLIST_FILE = YES;
				INFOPLIST_FILE = "Purr Machine/Info.plist";
				INFOPLIST_KEY_UIApplicationSupportsIndirectInputEvents = YES;
				INFOPLIST_KEY_UILaunchStoryboardName = LaunchScreen;
				INFOPLIST_KEY_UIMainStoryboardFile = Main;
				INFOPLIST_KEY_UISupportedInterfaceOrientations_iPad = "UIInterfaceOrientationPortrait UIInterfaceOrientationPortraitUpsideDown UIInterfaceOrientationLandscapeLeft UIInterfaceOrientationLandscapeRight";
				INFOPLIST_KEY_UISupportedInterfaceOrientations_iPhone = "UIInterfaceOrientationPortrait UIInterfaceOrientationLandscapeLeft UIInterfaceOrientationLandscapeRight";
				LD_RUNPATH_SEARCH_PATHS = (
					"$(inherited)",
					"@executable_path/Frameworks",
				);
				MARKETING_VERSION = 1.0;
				PRODUCT_BUNDLE_IDENTIFIER = "com.HeatherAndMark.PurrMachine.Purr-Machine";
				PRODUCT_NAME = "$(TARGET_NAME)";
				SWIFT_EMIT_LOC_STRINGS = YES;
				SWIFT_VERSION = 5.0;
				TARGETED_DEVICE_FAMILY = "1";
			};
			name = Debug;
		};
		8595BD2B2D2C437800E60F1A /* Release */ = {
			isa = XCBuildConfiguration;
			buildSettings = {
				ASSETCATALOG_COMPILER_APPICON_NAME = AppIcon;
				ASSETCATALOG_COMPILER_GLOBAL_ACCENT_COLOR_NAME = AccentColor;
				CODE_SIGN_STYLE = Automatic;
				CURRENT_PROJECT_VERSION = 1;
				DEVELOPMENT_TEAM = FBUNBDS7R7;
				GENERATE_INFOPLIST_FILE = YES;
				INFOPLIST_FILE = "Purr Machine/Info.plist";
				INFOPLIST_KEY_UIApplicationSupportsIndirectInputEvents = YES;
				INFOPLIST_KEY_UILaunchStoryboardName = LaunchScreen;
				INFOPLIST_KEY_UIMainStoryboardFile = Main;
				INFOPLIST_KEY_UISupportedInterfaceOrientations_iPad = "UIInterfaceOrientationPortrait UIInterfaceOrientationPortraitUpsideDown UIInterfaceOrientationLandscapeLeft UIInterfaceOrientationLandscapeRight";
				INFOPLIST_KEY_UISupportedInterfaceOrientations_iPhone = "UIInterfaceOrientationPortrait UIInterfaceOrientationLandscapeLeft UIInterfaceOrientationLandscapeRight";
				LD_RUNPATH_SEARCH_PATHS = (
					"$(inherited)",
					"@executable_path/Frameworks",
				);
				MARKETING_VERSION = 1.0;
				PRODUCT_BUNDLE_IDENTIFIER = "com.HeatherAndMark.PurrMachine.Purr-Machine";
				PRODUCT_NAME = "$(TARGET_NAME)";
				SWIFT_EMIT_LOC_STRINGS = YES;
				SWIFT_VERSION = 5.0;
				TARGETED_DEVICE_FAMILY = "1";
			};
			name = Release;
		};
		8595BD2C2D2C437800E60F1A /* Debug */ = {
			isa = XCBuildConfiguration;
			buildSettings = {
				ALWAYS_SEARCH_USER_PATHS = NO;
				ASSETCATALOG_COMPILER_GENERATE_SWIFT_ASSET_SYMBOL_EXTENSIONS = YES;
				CLANG_ANALYZER_NONNULL = YES;
				CLANG_ANALYZER_NUMBER_OBJECT_CONVERSION = YES_AGGRESSIVE;
				CLANG_CXX_LANGUAGE_STANDARD = "gnu++20";
				CLANG_ENABLE_MODULES = YES;
				CLANG_ENABLE_OBJC_ARC = YES;
				CLANG_ENABLE_OBJC_WEAK = YES;
				CLANG_WARN_BLOCK_CAPTURE_AUTORELEASING = YES;
				CLANG_WARN_BOOL_CONVERSION = YES;
				CLANG_WARN_COMMA = YES;
				CLANG_WARN_CONSTANT_CONVERSION = YES;
				CLANG_WARN_DEPRECATED_OBJC_IMPLEMENTATIONS = YES;
				CLANG_WARN_DIRECT_OBJC_ISA_USAGE = YES_ERROR;
				CLANG_WARN_DOCUMENTATION_COMMENTS = YES;
				CLANG_WARN_EMPTY_BODY = YES;
				CLANG_WARN_ENUM_CONVERSION = YES;
				CLANG_WARN_INFINITE_RECURSION = YES;
				CLANG_WARN_INT_CONVERSION = YES;
				CLANG_WARN_NON_LITERAL_NULL_CONVERSION = YES;
				CLANG_WARN_OBJC_IMPLICIT_RETAIN_SELF = YES;
				CLANG_WARN_OBJC_LITERAL_CONVERSION = YES;
				CLANG_WARN_OBJC_ROOT_CLASS = YES_ERROR;
				CLANG_WARN_QUOTED_INCLUDE_IN_FRAMEWORK_HEADER = YES;
				CLANG_WARN_RANGE_LOOP_ANALYSIS = YES;
				CLANG_WARN_STRICT_PROTOTYPES = YES;
				CLANG_WARN_SUSPICIOUS_MOVE = YES;
				CLANG_WARN_UNGUARDED_AVAILABILITY = YES_AGGRESSIVE;
				CLANG_WARN_UNREACHABLE_CODE = YES;
				CLANG_WARN__DUPLICATE_METHOD_MATCH = YES;
				COPY_PHASE_STRIP = NO;
				DEBUG_INFORMATION_FORMAT = dwarf;
				ENABLE_STRICT_OBJC_MSGSEND = YES;
				ENABLE_TESTABILITY = YES;
				ENABLE_USER_SCRIPT_SANDBOXING = YES;
				GCC_C_LANGUAGE_STANDARD = gnu17;
				GCC_DYNAMIC_NO_PIC = NO;
				GCC_NO_COMMON_BLOCKS = YES;
				GCC_OPTIMIZATION_LEVEL = 0;
				GCC_PREPROCESSOR_DEFINITIONS = (
					"DEBUG=1",
					"$(inherited)",
				);
				GCC_WARN_64_TO_32_BIT_CONVERSION = YES;
				GCC_WARN_ABOUT_RETURN_TYPE = YES_ERROR;
				GCC_WARN_UNDECLARED_SELECTOR = YES;
				GCC_WARN_UNINITIALIZED_AUTOS = YES_AGGRESSIVE;
				GCC_WARN_UNUSED_FUNCTION = YES;
				GCC_WARN_UNUSED_VARIABLE = YES;
				IPHONEOS_DEPLOYMENT_TARGET = 18.2;
				LOCALIZATION_PREFERS_STRING_CATALOGS = YES;
				MTL_ENABLE_DEBUG_INFO = INCLUDE_SOURCE;
				MTL_FAST_MATH = YES;
				ONLY_ACTIVE_ARCH = YES;
				SDKROOT = iphoneos;
				SWIFT_ACTIVE_COMPILATION_CONDITIONS = "DEBUG $(inherited)";
				SWIFT_OPTIMIZATION_LEVEL = "-Onone";
			};
			name = Debug;
		};
		8595BD2D2D2C437800E60F1A /* Release */ = {
			isa = XCBuildConfiguration;
			buildSettings = {
				ALWAYS_SEARCH_USER_PATHS = NO;
				ASSETCATALOG_COMPILER_GENERATE_SWIFT_ASSET_SYMBOL_EXTENSIONS = YES;
				CLANG_ANALYZER_NONNULL = YES;
				CLANG_ANALYZER_NUMBER_OBJECT_CONVERSION = YES_AGGRESSIVE;
				CLANG_CXX_LANGUAGE_STANDARD = "gnu++20";
				CLANG_ENABLE_MODULES = YES;
				CLANG_ENABLE_OBJC_ARC = YES;
				CLANG_ENABLE_OBJC_WEAK = YES;
				CLANG_WARN_BLOCK_CAPTURE_AUTORELEASING = YES;
				CLANG_WARN_BOOL_CONVERSION = YES;
				CLANG_WARN_COMMA = YES;
				CLANG_WARN_CONSTANT_CONVERSION = YES;
				CLANG_WARN_DEPRECATED_OBJC_IMPLEMENTATIONS = YES;
				CLANG_WARN_DIRECT_OBJC_ISA_USAGE = YES_ERROR;
				CLANG_WARN_DOCUMENTATION_COMMENTS = YES;
				CLANG_WARN_EMPTY_BODY = YES;
				CLANG_WARN_ENUM_CONVERSION = YES;
				CLANG_WARN_INFINITE_RECURSION = YES;
				CLANG_WARN_INT_CONVERSION = YES;
				CLANG_WARN_NON_LITERAL_NULL_CONVERSION = YES;
				CLANG_WARN_OBJC_IMPLICIT_RETAIN_SELF = YES;
				CLANG_WARN_OBJC_LITERAL_CONVERSION = YES;
				CLANG_WARN_OBJC_ROOT_CLASS = YES_ERROR;
				CLANG_WARN_QUOTED_INCLUDE_IN_FRAMEWORK_HEADER = YES;
				CLANG_WARN_RANGE_LOOP_ANALYSIS = YES;
				CLANG_WARN_STRICT_PROTOTYPES = YES;
				CLANG_WARN_SUSPICIOUS_MOVE = YES;
				CLANG_WARN_UNGUARDED_AVAILABILITY = YES_AGGRESSIVE;
				CLANG_WARN_UNREACHABLE_CODE = YES;
				CLANG_WARN__DUPLICATE_METHOD_MATCH = YES;
				COPY_PHASE_STRIP = NO;
				DEBUG_INFORMATION_FORMAT = "dwarf-with-dsym";
				ENABLE_NS_ASSERTIONS = NO;
				ENABLE_STRICT_OBJC_MSGSEND = YES;
				ENABLE_USER_SCRIPT_SANDBOXING = YES;
				GCC_C_LANGUAGE_STANDARD = gnu17;
				GCC_NO_COMMON_BLOCKS = YES;
				GCC_WARN_64_TO_32_BIT_CONVERSION = YES;
				GCC_WARN_ABOUT_RETURN_TYPE = YES_ERROR;
				GCC_WARN_UNDECLARED_SELECTOR = YES;
				GCC_WARN_UNINITIALIZED_AUTOS = YES_AGGRESSIVE;
				GCC_WARN_UNUSED_FUNCTION = YES;
				GCC_WARN_UNUSED_VARIABLE = YES;
				IPHONEOS_DEPLOYMENT_TARGET = 18.2;
				LOCALIZATION_PREFERS_STRING_CATALOGS = YES;
				MTL_ENABLE_DEBUG_INFO = NO;
				MTL_FAST_MATH = YES;
				SDKROOT = iphoneos;
				SWIFT_COMPILATION_MODE = wholemodule;
				VALIDATE_PRODUCT = YES;
			};
			name = Release;
		};
		8595BD2F2D2C437800E60F1A /* Debug */ = {
			isa = XCBuildConfiguration;
			buildSettings = {
				BUNDLE_LOADER = "$(TEST_HOST)";
				CODE_SIGN_STYLE = Automatic;
				CURRENT_PROJECT_VERSION = 1;
				DEVELOPMENT_TEAM = FBUNBDS7R7;
				GENERATE_INFOPLIST_FILE = YES;
				IPHONEOS_DEPLOYMENT_TARGET = 18.2;
				MARKETING_VERSION = 1.0;
				PRODUCT_BUNDLE_IDENTIFIER = "com.HeatherAndMark.PurrMachine.Purr-MachineTests";
				PRODUCT_NAME = "$(TARGET_NAME)";
				SWIFT_EMIT_LOC_STRINGS = NO;
				SWIFT_VERSION = 5.0;
				TARGETED_DEVICE_FAMILY = "1";
				TEST_HOST = "$(BUILT_PRODUCTS_DIR)/Purr Machine.app/$(BUNDLE_EXECUTABLE_FOLDER_PATH)/Purr Machine";
			};
			name = Debug;
		};
		8595BD302D2C437800E60F1A /* Release */ = {
			isa = XCBuildConfiguration;
			buildSettings = {
				BUNDLE_LOADER = "$(TEST_HOST)";
				CODE_SIGN_STYLE = Automatic;
				CURRENT_PROJECT_VERSION = 1;
				DEVELOPMENT_TEAM = FBUNBDS7R7;
				GENERATE_INFOPLIST_FILE = YES;
				IPHONEOS_DEPLOYMENT_TARGET = 18.2;
				MARKETING_VERSION = 1.0;
				PRODUCT_BUNDLE_IDENTIFIER = "com.HeatherAndMark.PurrMachine.Purr-MachineTests";
				PRODUCT_NAME = "$(TARGET_NAME)";
				SWIFT_EMIT_LOC_STRINGS = NO;
				SWIFT_VERSION = 5.0;
				TARGETED_DEVICE_FAMILY = "1";
				TEST_HOST = "$(BUILT_PRODUCTS_DIR)/Purr Machine.app/$(BUNDLE_EXECUTABLE_FOLDER_PATH)/Purr Machine";
			};
			name = Release;
		};
		8595BD322D2C437800E60F1A /* Debug */ = {
			isa = XCBuildConfiguration;
			buildSettings = {
				CODE_SIGN_STYLE = Automatic;
				CURRENT_PROJECT_VERSION = 1;
				DEVELOPMENT_TEAM = FBUNBDS7R7;
				GENERATE_INFOPLIST_FILE = YES;
				MARKETING_VERSION = 1.0;
				PRODUCT_BUNDLE_IDENTIFIER = "com.HeatherAndMark.PurrMachine.Purr-MachineUITests";
				PRODUCT_NAME = "$(TARGET_NAME)";
				SWIFT_EMIT_LOC_STRINGS = NO;
				SWIFT_VERSION = 5.0;
				TARGETED_DEVICE_FAMILY = "1";
				TEST_TARGET_NAME = "Purr Machine";
			};
			name = Debug;
		};
		8595BD332D2C437800E60F1A /* Release */ = {
			isa = XCBuildConfiguration;
			buildSettings = {
				CODE_SIGN_STYLE = Automatic;
				CURRENT_PROJECT_VERSION = 1;
				DEVELOPMENT_TEAM = FBUNBDS7R7;
				GENERATE_INFOPLIST_FILE = YES;
				MARKETING_VERSION = 1.0;
				PRODUCT_BUNDLE_IDENTIFIER = "com.HeatherAndMark.PurrMachine.Purr-MachineUITests";
				PRODUCT_NAME = "$(TARGET_NAME)";
				SWIFT_EMIT_LOC_STRINGS = NO;
				SWIFT_VERSION = 5.0;
				TARGETED_DEVICE_FAMILY = "1";
				TEST_TARGET_NAME = "Purr Machine";
			};
			name = Release;
		};
/* End XCBuildConfiguration section */

/* Begin XCConfigurationList section */
		8595BCFB2D2C437500E60F1A /* Build configuration list for PBXProject "Purr Machine" */ = {
			isa = XCConfigurationList;
			buildConfigurations = (
				8595BD2C2D2C437800E60F1A /* Debug */,
				8595BD2D2D2C437800E60F1A /* Release */,
			);
			defaultConfigurationIsVisible = 0;
			defaultConfigurationName = Release;
		};
		8595BD292D2C437800E60F1A /* Build configuration list for PBXNativeTarget "Purr Machine" */ = {
			isa = XCConfigurationList;
			buildConfigurations = (
				8595BD2A2D2C437800E60F1A /* Debug */,
				8595BD2B2D2C437800E60F1A /* Release */,
			);
			defaultConfigurationIsVisible = 0;
			defaultConfigurationName = Release;
		};
		8595BD2E2D2C437800E60F1A /* Build configuration list for PBXNativeTarget "Purr MachineTests" */ = {
			isa = XCConfigurationList;
			buildConfigurations = (
				8595BD2F2D2C437800E60F1A /* Debug */,
				8595BD302D2C437800E60F1A /* Release */,
			);
			defaultConfigurationIsVisible = 0;
			defaultConfigurationName = Release;
		};
		8595BD312D2C437800E60F1A /* Build configuration list for PBXNativeTarget "Purr MachineUITests" */ = {
			isa = XCConfigurationList;
			buildConfigurations = (
				8595BD322D2C437800E60F1A /* Debug */,
				8595BD332D2C437800E60F1A /* Release */,
			);
			defaultConfigurationIsVisible = 0;
			defaultConfigurationName = Release;
		};
/* End XCConfigurationList section */
	};
	rootObject = 8595BCF82D2C437500E60F1A /* Project object */;
}
